
Microsoft Visual Studio Solution File, Format Version 12.00
# Visual Studio 15
VisualStudioVersion = 15.0.27130.2036
MinimumVisualStudioVersion = 10.0.40219.1
Project("{2150E333-8FDC-42A3-9474-1A3956D46DE8}") = "AddIns", "AddIns", "{6AF7D0E5-EBB7-4B2F-B616-FD0029F91147}"
EndProject
Project("{FAE04EC0-301F-11D3-BF4B-00C04F79EFBC}") = "Neo.AddIn.GTS", "AddIns\Neo.AddIn.GTS\Neo.AddIn.GTS.csproj", "{3D81471B-A5FC-4E3C-9839-84C4BFE752C7}"
EndProject
Project("{FAE04EC0-301F-11D3-BF4B-00C04F79EFBC}") = "Neo.AddIn.Solidtech", "AddIns\Neo.AddIn.Solidtech\Neo.AddIn.Solidtech.csproj", "{D1C1B41F-543D-4C20-A1E5-29ED8AD5489B}"
EndProject
Project("{F2A71F9B-5D33-465A-A702-920D77279786}") = "Neo.AddIn.Hikvision.MVC", "AddIns\Neo.AddIn.Hikvision.MVC\Neo.AddIn.Hikvision.MVC.fsproj", "{27F6FC2C-FBFE-491C-B839-4DCA1A78A289}"
EndProject
Project("{FAE04EC0-301F-11D3-BF4B-00C04F79EFBC}") = "Neo.AddIn.Pylon", "AddIns\Neo.AddIn.Pylon\Neo.AddIn.Pylon.csproj", "{6A73667F-ECC9-40B3-8411-940C632FF1B2}"
EndProject
Global
	GlobalSection(SolutionConfigurationPlatforms) = preSolution
		Debug|Any CPU = Debug|Any CPU
		Release|Any CPU = Release|Any CPU
	EndGlobalSection
	GlobalSection(ProjectConfigurationPlatforms) = postSolution
		{3D81471B-A5FC-4E3C-9839-84C4BFE752C7}.Debug|Any CPU.ActiveCfg = Debug|Any CPU
		{3D81471B-A5FC-4E3C-9839-84C4BFE752C7}.Debug|Any CPU.Build.0 = Debug|Any CPU
		{3D81471B-A5FC-4E3C-9839-84C4BFE752C7}.Release|Any CPU.ActiveCfg = Release|Any CPU
		{3D81471B-A5FC-4E3C-9839-84C4BFE752C7}.Release|Any CPU.Build.0 = Release|Any CPU
		{D1C1B41F-543D-4C20-A1E5-29ED8AD5489B}.Debug|Any CPU.ActiveCfg = Debug|Any CPU
		{D1C1B41F-543D-4C20-A1E5-29ED8AD5489B}.Debug|Any CPU.Build.0 = Debug|Any CPU
		{D1C1B41F-543D-4C20-A1E5-29ED8AD5489B}.Release|Any CPU.ActiveCfg = Release|Any CPU
		{D1C1B41F-543D-4C20-A1E5-29ED8AD5489B}.Release|Any CPU.Build.0 = Release|Any CPU
		{27F6FC2C-FBFE-491C-B839-4DCA1A78A289}.Debug|Any CPU.ActiveCfg = Debug|Any CPU
		{27F6FC2C-FBFE-491C-B839-4DCA1A78A289}.Debug|Any CPU.Build.0 = Debug|Any CPU
		{27F6FC2C-FBFE-491C-B839-4DCA1A78A289}.Release|Any CPU.ActiveCfg = Release|Any CPU
		{27F6FC2C-FBFE-491C-B839-4DCA1A78A289}.Release|Any CPU.Build.0 = Release|Any CPU
		{6A73667F-ECC9-40B3-8411-940C632FF1B2}.Debug|Any CPU.ActiveCfg = Debug|Any CPU
		{6A73667F-ECC9-40B3-8411-940C632FF1B2}.Debug|Any CPU.Build.0 = Debug|Any CPU
		{6A73667F-ECC9-40B3-8411-940C632FF1B2}.Release|Any CPU.ActiveCfg = Release|Any CPU
		{6A73667F-ECC9-40B3-8411-940C632FF1B2}.Release|Any CPU.Build.0 = Release|Any CPU
	EndGlobalSection
	GlobalSection(SolutionProperties) = preSolution
		HideSolutionNode = FALSE
	EndGlobalSection
	GlobalSection(NestedProjects) = preSolution
		{3D81471B-A5FC-4E3C-9839-84C4BFE752C7} = {6AF7D0E5-EBB7-4B2F-B616-FD0029F91147}
		{D1C1B41F-543D-4C20-A1E5-29ED8AD5489B} = {6AF7D0E5-EBB7-4B2F-B616-FD0029F91147}
		{27F6FC2C-FBFE-491C-B839-4DCA1A78A289} = {6AF7D0E5-EBB7-4B2F-B616-FD0029F91147}
		{6A73667F-ECC9-40B3-8411-940C632FF1B2} = {6AF7D0E5-EBB7-4B2F-B616-FD0029F91147}
	EndGlobalSection
	GlobalSection(ExtensibilityGlobals) = postSolution
		SolutionGuid = {24B81E60-16EF-403E-AD55-11D34AE11B68}
	EndGlobalSection
EndGlobal
